
Microsoft Visual Studio Solution File, Format Version 12.00
# Visual Studio 15
VisualStudioVersion = 15.0.28307.421
MinimumVisualStudioVersion = 10.0.40219.1
Project("{FAE04EC0-301F-11D3-BF4B-00C04F79EFBC}") = "Lab7", "Lab7\Lab7.csproj", "{84D4289A-92AD-42B6-839B-901E6C9BAFD4}"
EndProject
Global
	GlobalSection(SolutionConfigurationPlatforms) = preSolution
		Debug|Any CPU = Debug|Any CPU
		Release|Any CPU = Release|Any CPU
	EndGlobalSection
	GlobalSection(ProjectConfigurationPlatforms) = postSolution
		{84D4289A-92AD-42B6-839B-901E6C9BAFD4}.Debug|Any CPU.ActiveCfg = Debug|Any CPU
		{84D4289A-92AD-42B6-839B-901E6C9BAFD4}.Debug|Any CPU.Build.0 = Debug|Any CPU
		{84D4289A-92AD-42B6-839B-901E6C9BAFD4}.Release|Any CPU.ActiveCfg = Release|Any CPU
		{84D4289A-92AD-42B6-839B-901E6C9BAFD4}.Release|Any CPU.Build.0 = Release|Any CPU
	EndGlobalSection
	GlobalSection(SolutionProperties) = preSolution
		HideSolutionNode = FALSE
	EndGlobalSection
	GlobalSection(ExtensibilityGlobals) = postSolution
		SolutionGuid = {F13C7D50-FACF-4F0F-8E37-FCEAEB7E5282}
	EndGlobalSection
EndGlobal
