
Microsoft Visual Studio Solution File, Format Version 12.00
# Visual Studio 15
VisualStudioVersion = 15.0.28307.421
MinimumVisualStudioVersion = 10.0.40219.1
Project("{FAE04EC0-301F-11D3-BF4B-00C04F79EFBC}") = "Lab2", "Lab2\Lab2.csproj", "{5718A60C-8C0E-4201-8CC4-61AE29625A55}"
EndProject
Global
	GlobalSection(SolutionConfigurationPlatforms) = preSolution
		Debug|Any CPU = Debug|Any CPU
		Release|Any CPU = Release|Any CPU
	EndGlobalSection
	GlobalSection(ProjectConfigurationPlatforms) = postSolution
		{5718A60C-8C0E-4201-8CC4-61AE29625A55}.Debug|Any CPU.ActiveCfg = Debug|Any CPU
		{5718A60C-8C0E-4201-8CC4-61AE29625A55}.Debug|Any CPU.Build.0 = Debug|Any CPU
		{5718A60C-8C0E-4201-8CC4-61AE29625A55}.Release|Any CPU.ActiveCfg = Release|Any CPU
		{5718A60C-8C0E-4201-8CC4-61AE29625A55}.Release|Any CPU.Build.0 = Release|Any CPU
	EndGlobalSection
	GlobalSection(SolutionProperties) = preSolution
		HideSolutionNode = FALSE
	EndGlobalSection
	GlobalSection(ExtensibilityGlobals) = postSolution
		SolutionGuid = {83AF8443-F99E-4A94-807E-5F08DF3C53C9}
	EndGlobalSection
EndGlobal
