
Microsoft Visual Studio Solution File, Format Version 12.00
# Visual Studio 15
VisualStudioVersion = 15.0.28307.421
MinimumVisualStudioVersion = 10.0.40219.1
Project("{FAE04EC0-301F-11D3-BF4B-00C04F79EFBC}") = "Lab10", "Lab10\Lab10.csproj", "{BC1541DF-40C5-40D2-BAA6-17303602E2E3}"
EndProject
Global
	GlobalSection(SolutionConfigurationPlatforms) = preSolution
		Debug|Any CPU = Debug|Any CPU
		Release|Any CPU = Release|Any CPU
	EndGlobalSection
	GlobalSection(ProjectConfigurationPlatforms) = postSolution
		{BC1541DF-40C5-40D2-BAA6-17303602E2E3}.Debug|Any CPU.ActiveCfg = Debug|Any CPU
		{BC1541DF-40C5-40D2-BAA6-17303602E2E3}.Debug|Any CPU.Build.0 = Debug|Any CPU
		{BC1541DF-40C5-40D2-BAA6-17303602E2E3}.Release|Any CPU.ActiveCfg = Release|Any CPU
		{BC1541DF-40C5-40D2-BAA6-17303602E2E3}.Release|Any CPU.Build.0 = Release|Any CPU
	EndGlobalSection
	GlobalSection(SolutionProperties) = preSolution
		HideSolutionNode = FALSE
	EndGlobalSection
	GlobalSection(ExtensibilityGlobals) = postSolution
		SolutionGuid = {9827F9FA-A743-4635-A9C1-8DF626790482}
	EndGlobalSection
EndGlobal
