
Microsoft Visual Studio Solution File, Format Version 12.00
# Visual Studio 15
VisualStudioVersion = 15.0.28307.421
MinimumVisualStudioVersion = 10.0.40219.1
Project("{FAE04EC0-301F-11D3-BF4B-00C04F79EFBC}") = "Lab4", "Lab4\Lab4.csproj", "{E97B9D69-9B9B-4DE3-B7D3-F66FD3B90E7B}"
EndProject
Global
	GlobalSection(SolutionConfigurationPlatforms) = preSolution
		Debug|Any CPU = Debug|Any CPU
		Release|Any CPU = Release|Any CPU
	EndGlobalSection
	GlobalSection(ProjectConfigurationPlatforms) = postSolution
		{E97B9D69-9B9B-4DE3-B7D3-F66FD3B90E7B}.Debug|Any CPU.ActiveCfg = Debug|Any CPU
		{E97B9D69-9B9B-4DE3-B7D3-F66FD3B90E7B}.Debug|Any CPU.Build.0 = Debug|Any CPU
		{E97B9D69-9B9B-4DE3-B7D3-F66FD3B90E7B}.Release|Any CPU.ActiveCfg = Release|Any CPU
		{E97B9D69-9B9B-4DE3-B7D3-F66FD3B90E7B}.Release|Any CPU.Build.0 = Release|Any CPU
	EndGlobalSection
	GlobalSection(SolutionProperties) = preSolution
		HideSolutionNode = FALSE
	EndGlobalSection
	GlobalSection(ExtensibilityGlobals) = postSolution
		SolutionGuid = {3692E670-89BE-496B-A26A-101323C3762F}
	EndGlobalSection
EndGlobal
