
Microsoft Visual Studio Solution File, Format Version 12.00
# Visual Studio 15
VisualStudioVersion = 15.0.28307.421
MinimumVisualStudioVersion = 10.0.40219.1
Project("{FAE04EC0-301F-11D3-BF4B-00C04F79EFBC}") = "Lab3", "Lab3\Lab3.csproj", "{9A381A4E-3DB5-4147-95C4-698FD233C8FD}"
EndProject
Global
	GlobalSection(SolutionConfigurationPlatforms) = preSolution
		Debug|Any CPU = Debug|Any CPU
		Release|Any CPU = Release|Any CPU
	EndGlobalSection
	GlobalSection(ProjectConfigurationPlatforms) = postSolution
		{9A381A4E-3DB5-4147-95C4-698FD233C8FD}.Debug|Any CPU.ActiveCfg = Debug|Any CPU
		{9A381A4E-3DB5-4147-95C4-698FD233C8FD}.Debug|Any CPU.Build.0 = Debug|Any CPU
		{9A381A4E-3DB5-4147-95C4-698FD233C8FD}.Release|Any CPU.ActiveCfg = Release|Any CPU
		{9A381A4E-3DB5-4147-95C4-698FD233C8FD}.Release|Any CPU.Build.0 = Release|Any CPU
	EndGlobalSection
	GlobalSection(SolutionProperties) = preSolution
		HideSolutionNode = FALSE
	EndGlobalSection
	GlobalSection(ExtensibilityGlobals) = postSolution
		SolutionGuid = {CE67F072-79D9-4167-8112-0F85BF6F7AD9}
	EndGlobalSection
EndGlobal
